
Microsoft Visual Studio Solution File, Format Version 12.00
# Visual Studio Version 17
VisualStudioVersion = 17.13.35806.99 d17.13
MinimumVisualStudioVersion = 10.0.40219.1
Project("{FAE04EC0-301F-11D3-BF4B-00C04F79EFBC}") = "libFiguras3D", "libFiguras3D\libFiguras3D.csproj", "{66329C3C-9FCD-49C6-8945-C11D01C4CFF7}"
EndProject
Global
	GlobalSection(SolutionConfigurationPlatforms) = preSolution
		Debug|Any CPU = Debug|Any CPU
		Release|Any CPU = Release|Any CPU
	EndGlobalSection
	GlobalSection(ProjectConfigurationPlatforms) = postSolution
		{66329C3C-9FCD-49C6-8945-C11D01C4CFF7}.Debug|Any CPU.ActiveCfg = Debug|Any CPU
		{66329C3C-9FCD-49C6-8945-C11D01C4CFF7}.Debug|Any CPU.Build.0 = Debug|Any CPU
		{66329C3C-9FCD-49C6-8945-C11D01C4CFF7}.Release|Any CPU.ActiveCfg = Release|Any CPU
		{66329C3C-9FCD-49C6-8945-C11D01C4CFF7}.Release|Any CPU.Build.0 = Release|Any CPU
	EndGlobalSection
	GlobalSection(SolutionProperties) = preSolution
		HideSolutionNode = FALSE
	EndGlobalSection
	GlobalSection(ExtensibilityGlobals) = postSolution
		SolutionGuid = {AC393D10-5F69-4F39-8E5D-DF2B26A85757}
	EndGlobalSection
EndGlobal
